
Microsoft Visual Studio Solution File, Format Version 12.00
# Visual Studio Version 17
VisualStudioVersion = 17.2.32526.322
MinimumVisualStudioVersion = 10.0.40219.1
Project("{9A19103F-16F7-4668-BE54-9A1E7A4F7556}") = "Opalenica", "Opalenica\Opalenica.csproj", "{13710B8E-640D-4203-8CB0-E096D18312E5}"
EndProject
Project("{9A19103F-16F7-4668-BE54-9A1E7A4F7556}") = "CommandProcessor", "CommandProcessor\CommandProcessor.csproj", "{A69EB025-E8BA-4632-9CF2-002177DB677B}"
EndProject
Project("{2150E333-8FDC-42A3-9474-1A3956D46DE8}") = "Solution Items", "Solution Items", "{962A7CA2-6BD5-4B15-BA64-9FDC3529FD38}"
	ProjectSection(SolutionItems) = preProject
		.editorconfig = .editorconfig
	EndProjectSection
EndProject
Project("{FAE04EC0-301F-11D3-BF4B-00C04F79EFBC}") = "OpalenicaTests", "OpalenicaTests\OpalenicaTests.csproj", "{0AAEB00A-7634-49C6-B2D5-0EF18D5F32D4}"
EndProject
Global
	GlobalSection(SolutionConfigurationPlatforms) = preSolution
		Debug|Any CPU = Debug|Any CPU
		Release|Any CPU = Release|Any CPU
	EndGlobalSection
	GlobalSection(ProjectConfigurationPlatforms) = postSolution
		{13710B8E-640D-4203-8CB0-E096D18312E5}.Debug|Any CPU.ActiveCfg = Debug|Any CPU
		{13710B8E-640D-4203-8CB0-E096D18312E5}.Debug|Any CPU.Build.0 = Debug|Any CPU
		{13710B8E-640D-4203-8CB0-E096D18312E5}.Release|Any CPU.ActiveCfg = Release|Any CPU
		{13710B8E-640D-4203-8CB0-E096D18312E5}.Release|Any CPU.Build.0 = Release|Any CPU
		{A69EB025-E8BA-4632-9CF2-002177DB677B}.Debug|Any CPU.ActiveCfg = Debug|Any CPU
		{A69EB025-E8BA-4632-9CF2-002177DB677B}.Debug|Any CPU.Build.0 = Debug|Any CPU
		{A69EB025-E8BA-4632-9CF2-002177DB677B}.Release|Any CPU.ActiveCfg = Release|Any CPU
		{A69EB025-E8BA-4632-9CF2-002177DB677B}.Release|Any CPU.Build.0 = Release|Any CPU
		{0AAEB00A-7634-49C6-B2D5-0EF18D5F32D4}.Debug|Any CPU.ActiveCfg = Debug|Any CPU
		{0AAEB00A-7634-49C6-B2D5-0EF18D5F32D4}.Debug|Any CPU.Build.0 = Debug|Any CPU
		{0AAEB00A-7634-49C6-B2D5-0EF18D5F32D4}.Release|Any CPU.ActiveCfg = Release|Any CPU
		{0AAEB00A-7634-49C6-B2D5-0EF18D5F32D4}.Release|Any CPU.Build.0 = Release|Any CPU
	EndGlobalSection
	GlobalSection(SolutionProperties) = preSolution
		HideSolutionNode = FALSE
	EndGlobalSection
	GlobalSection(ExtensibilityGlobals) = postSolution
		SolutionGuid = {9AFC3713-3638-4C58-A1D2-AF98E0B1814B}
	EndGlobalSection
EndGlobal
